<?xml version="1.0" encoding="utf-8"?>
<Project ToolsVersion="4.0" xmlns="http://schemas.microsoft.com/developer/msbuild/2003">
  <ItemGroup>
    <Filter Include="ソース ファイル">
      <UniqueIdentifier>{4FC737F1-C7A5-4376-A066-2A32D752A2FF}</UniqueIdentifier>
      <Extensions>cpp;c;cc;cxx;c++;cppm;ixx;def;odl;idl;hpj;bat;asm;asmx</Extensions>
    </Filter>
    <Filter Include="ヘッダー ファイル">
      <UniqueIdentifier>{93995380-89BD-4b04-88EB-625FBE52EBFB}</UniqueIdentifier>
      <Extensions>h;hh;hpp;hxx;h++;hm;inl;inc;ipp;xsd</Extensions>
    </Filter>
    <Filter Include="リソース ファイル">
      <UniqueIdentifier>{67DA6AB6-F800-4c08-8B7A-83BB121AAD01}</UniqueIdentifier>
      <Extensions>rc;ico;cur;bmp;dlg;rc2;rct;bin;rgs;gif;jpg;jpeg;jpe;resx;tiff;tif;png;wav;mfcribbon-ms</Extensions>
    </Filter>
    <Filter Include="ソース ファイル\State">
      <UniqueIdentifier>{6d20485b-fd3b-4705-b43f-c25ab2334b3b}</UniqueIdentifier>
    </Filter>
    <Filter Include="ヘッダー ファイル\State">
      <UniqueIdentifier>{b323b645-f211-4ed5-be63-7f1844c4f9f2}</UniqueIdentifier>
    </Filter>
    <Filter Include="ヘッダー ファイル\Enemy">
      <UniqueIdentifier>{238e4d2c-b856-4052-ae1a-df8bb9bfd09d}</UniqueIdentifier>
    </Filter>
    <Filter Include="ソース ファイル\Enemy">
      <UniqueIdentifier>{67fda207-428c-44c3-a142-40890a666194}</UniqueIdentifier>
    </Filter>
  </ItemGroup>
  <ItemGroup>
    <ClCompile Include="Main.cpp">
      <Filter>ソース ファイル</Filter>
    </ClCompile>
    <ClCompile Include="Player.cpp">
      <Filter>ソース ファイル</Filter>
    </ClCompile>
    <ClCompile Include="TitleState.cpp">
      <Filter>ソース ファイル\State</Filter>
    </ClCompile>
    <ClCompile Include="StartUpState.cpp">
      <Filter>ソース ファイル\State</Filter>
    </ClCompile>
    <ClCompile Include="InGameState.cpp">
      <Filter>ソース ファイル\State</Filter>
    </ClCompile>
    <ClCompile Include="MainMenuState.cpp">
      <Filter>ソース ファイル\State</Filter>
    </ClCompile>
    <ClCompile Include="Enemy.cpp">
      <Filter>ソース ファイル\Enemy</Filter>
    </ClCompile>
    <ClCompile Include="EnemyFactory.cpp">
      <Filter>ソース ファイル\Enemy</Filter>
    </ClCompile>
    <ClCompile Include="BattleState.cpp">
      <Filter>ソース ファイル\State</Filter>
    </ClCompile>
  </ItemGroup>
  <ItemGroup>
    <ClInclude Include="Player.h">
      <Filter>ヘッダー ファイル</Filter>
    </ClInclude>
    <ClInclude Include="GameManager.h">
      <Filter>ヘッダー ファイル</Filter>
    </ClInclude>
    <ClInclude Include="GameState.h">
      <Filter>ヘッダー ファイル\State</Filter>
    </ClInclude>
    <ClInclude Include="InGameState.h">
      <Filter>ヘッダー ファイル\State</Filter>
    </ClInclude>
    <ClInclude Include="MainMenuState.h">
      <Filter>ヘッダー ファイル\State</Filter>
    </ClInclude>
    <ClInclude Include="TitleState.h">
      <Filter>ヘッダー ファイル\State</Filter>
    </ClInclude>
    <ClInclude Include="Enemy.h">
      <Filter>ヘッダー ファイル\Enemy</Filter>
    </ClInclude>
    <ClInclude Include="EnemyData.h">
      <Filter>ヘッダー ファイル\Enemy</Filter>
    </ClInclude>
    <ClInclude Include="EnemyFactory.h">
      <Filter>ヘッダー ファイル\Enemy</Filter>
    </ClInclude>
    <ClInclude Include="StartUpState.h">
      <Filter>ヘッダー ファイル\State</Filter>
    </ClInclude>
    <ClInclude Include="BattleState.h">
      <Filter>ヘッダー ファイル\State</Filter>
    </ClInclude>
  </ItemGroup>
</Project>